{
  "originHash" : "4b2f8c4ba21e796f1369f52d4bb9caa2c7e607b0d3f156c0957123935f298c48",
  "pins" : [
    {
      "identity" : "midikit",
      "kind" : "remoteSourceControl",
      "location" : "https://github.com/orchetect/MIDIKit",
      "state" : {
        "revision" : "2e856b27af1ebdeb41017ec9e3ac0cd3ae1411a2",
        "version" : "0.10.5"
      }
    },
    {
      "identity" : "timecodekit",
      "kind" : "remoteSourceControl",
      "location" : "https://github.com/orchetect/TimecodeKit",
      "state" : {
        "revision" : "957fdaeda020396d150ee1afc7c5172791cb0ad5",
        "version" : "2.3.4"
      }
    }
  ],
  "version" : 3
}
